{
  "name": "ElectronWorkspace",
  "version": "1.0.0",
  "lockfileVersion": 1,
  "requires": true,
  "dependencies": {
    "macha": {
      "version": "0.0.0",
      "resolved": "https://registry.npmjs.org/macha/-/macha-0.0.0.tgz",
      "integrity": "sha512-dkG1WBS7yDiD1hjFK3OmFLTtBKp25+i913F5+hxzI1Njqtt3g9FgjBBj6SEhp9z/0gbOZ/cmZNINKlYio2nfYw==",
      "dev": true
    }
  }
}
